
Microsoft Visual Studio Solution File, Format Version 12.00
# Visual Studio 15
VisualStudioVersion = 15.0.27703.2035
MinimumVisualStudioVersion = 10.0.40219.1
Project("{FAE04EC0-301F-11D3-BF4B-00C04F79EFBC}") = "knowledgeBaseUI", "knowledgeBaseUI\knowledgeBaseUI.csproj", "{86987DBD-59B8-4342-909C-AE7BC5871DD9}"
EndProject
Project("{FAE04EC0-301F-11D3-BF4B-00C04F79EFBC}") = "knowledgeBaseLibrary", "knowledgeBaseLibrary\knowledgeBaseLibrary.csproj", "{EEEA6B41-4198-4A3C-8546-ACCB80BB44CC}"
EndProject
Global
	GlobalSection(SolutionConfigurationPlatforms) = preSolution
		Debug|Any CPU = Debug|Any CPU
		Release|Any CPU = Release|Any CPU
	EndGlobalSection
	GlobalSection(ProjectConfigurationPlatforms) = postSolution
		{86987DBD-59B8-4342-909C-AE7BC5871DD9}.Debug|Any CPU.ActiveCfg = Debug|Any CPU
		{86987DBD-59B8-4342-909C-AE7BC5871DD9}.Debug|Any CPU.Build.0 = Debug|Any CPU
		{86987DBD-59B8-4342-909C-AE7BC5871DD9}.Release|Any CPU.ActiveCfg = Release|Any CPU
		{86987DBD-59B8-4342-909C-AE7BC5871DD9}.Release|Any CPU.Build.0 = Release|Any CPU
		{EEEA6B41-4198-4A3C-8546-ACCB80BB44CC}.Debug|Any CPU.ActiveCfg = Debug|Any CPU
		{EEEA6B41-4198-4A3C-8546-ACCB80BB44CC}.Debug|Any CPU.Build.0 = Debug|Any CPU
		{EEEA6B41-4198-4A3C-8546-ACCB80BB44CC}.Release|Any CPU.ActiveCfg = Release|Any CPU
		{EEEA6B41-4198-4A3C-8546-ACCB80BB44CC}.Release|Any CPU.Build.0 = Release|Any CPU
	EndGlobalSection
	GlobalSection(SolutionProperties) = preSolution
		HideSolutionNode = FALSE
	EndGlobalSection
	GlobalSection(ExtensibilityGlobals) = postSolution
		SolutionGuid = {BCB2C66A-236B-418F-942F-7BF0CB06F11C}
	EndGlobalSection
EndGlobal
