
Microsoft Visual Studio Solution File, Format Version 12.00
# Visual Studio 15
VisualStudioVersion = 15.0.27428.2015
MinimumVisualStudioVersion = 10.0.40219.1
Project("{FAE04EC0-301F-11D3-BF4B-00C04F79EFBC}") = "Intro", "Intro\Intro.csproj", "{876451A2-D4C1-4707-8B55-005A9E32D33F}"
EndProject
Global
	GlobalSection(SolutionConfigurationPlatforms) = preSolution
		Debug|Any CPU = Debug|Any CPU
		Release|Any CPU = Release|Any CPU
	EndGlobalSection
	GlobalSection(ProjectConfigurationPlatforms) = postSolution
		{876451A2-D4C1-4707-8B55-005A9E32D33F}.Debug|Any CPU.ActiveCfg = Debug|Any CPU
		{876451A2-D4C1-4707-8B55-005A9E32D33F}.Debug|Any CPU.Build.0 = Debug|Any CPU
		{876451A2-D4C1-4707-8B55-005A9E32D33F}.Release|Any CPU.ActiveCfg = Release|Any CPU
		{876451A2-D4C1-4707-8B55-005A9E32D33F}.Release|Any CPU.Build.0 = Release|Any CPU
	EndGlobalSection
	GlobalSection(SolutionProperties) = preSolution
		HideSolutionNode = FALSE
	EndGlobalSection
	GlobalSection(ExtensibilityGlobals) = postSolution
		SolutionGuid = {786C0329-EE12-4454-87CA-EBD77691DEB5}
	EndGlobalSection
EndGlobal
